
Microsoft Visual Studio Solution File, Format Version 12.00
# Visual Studio Version 16
VisualStudioVersion = 16.0.31624.102
MinimumVisualStudioVersion = 10.0.40219.1
Project("{FAE04EC0-301F-11D3-BF4B-00C04F79EFBC}") = "ReseauSocial.Api", "ReseauSocial.Api\ReseauSocial.Api.csproj", "{99C120F5-8725-4B3D-8AA4-E3F6AF88D37D}"
EndProject
Project("{2150E333-8FDC-42A3-9474-1A3956D46DE8}") = "API", "API", "{511C1926-F9B6-413F-B630-367F665A3D86}"
EndProject
Project("{2150E333-8FDC-42A3-9474-1A3956D46DE8}") = "DB", "DB", "{54A4F7FA-C3D7-4947-BFBA-33389E26D8EC}"
EndProject
Project("{00D1A9C2-B5F0-4AF3-8072-F6C62B433612}") = "DBReseauSocial", "DBReseauSocial\DBReseauSocial.sqlproj", "{CF6524C2-DA4C-4A49-B9B2-EA45EF112BB0}"
EndProject
Project("{2150E333-8FDC-42A3-9474-1A3956D46DE8}") = "DAL", "DAL", "{DA2CA9B0-87A4-4BCF-94D0-66A3E1608D05}"
EndProject
Project("{FAE04EC0-301F-11D3-BF4B-00C04F79EFBC}") = "DAL", "DAL\DAL.csproj", "{49A35A3C-6C95-4B2B-91A5-31D777F734E1}"
EndProject
Project("{2150E333-8FDC-42A3-9474-1A3956D46DE8}") = "BLL", "BLL", "{9ED81676-DE45-4802-9E64-3E79A473BE44}"
EndProject
Project("{FAE04EC0-301F-11D3-BF4B-00C04F79EFBC}") = "BLL", "BLL\BLL.csproj", "{F8149075-834E-4CA3-9C86-681D30E0E684}"
EndProject
Project("{2150E333-8FDC-42A3-9474-1A3956D46DE8}") = "Tools", "Tools", "{DF0FA911-3439-4774-9643-D31CD63AAEFB}"
EndProject
Project("{9A19103F-16F7-4668-BE54-9A1E7A4F7556}") = "ConnectionTool", "ConnectionTool\ConnectionTool.csproj", "{93478DDC-7E87-4E47-812C-E81507C30DA1}"
EndProject
Project("{9A19103F-16F7-4668-BE54-9A1E7A4F7556}") = "Tools.Cryptography", "Tools.Cryptography\Tools.Cryptography.csproj", "{ACCB436D-3786-4C74-9B03-3EAB7CD59A08}"
EndProject
Global
	GlobalSection(SolutionConfigurationPlatforms) = preSolution
		Debug|Any CPU = Debug|Any CPU
		Release|Any CPU = Release|Any CPU
	EndGlobalSection
	GlobalSection(ProjectConfigurationPlatforms) = postSolution
		{99C120F5-8725-4B3D-8AA4-E3F6AF88D37D}.Debug|Any CPU.ActiveCfg = Debug|Any CPU
		{99C120F5-8725-4B3D-8AA4-E3F6AF88D37D}.Debug|Any CPU.Build.0 = Debug|Any CPU
		{99C120F5-8725-4B3D-8AA4-E3F6AF88D37D}.Release|Any CPU.ActiveCfg = Release|Any CPU
		{99C120F5-8725-4B3D-8AA4-E3F6AF88D37D}.Release|Any CPU.Build.0 = Release|Any CPU
		{CF6524C2-DA4C-4A49-B9B2-EA45EF112BB0}.Debug|Any CPU.ActiveCfg = Debug|Any CPU
		{CF6524C2-DA4C-4A49-B9B2-EA45EF112BB0}.Debug|Any CPU.Build.0 = Debug|Any CPU
		{CF6524C2-DA4C-4A49-B9B2-EA45EF112BB0}.Debug|Any CPU.Deploy.0 = Debug|Any CPU
		{CF6524C2-DA4C-4A49-B9B2-EA45EF112BB0}.Release|Any CPU.ActiveCfg = Release|Any CPU
		{CF6524C2-DA4C-4A49-B9B2-EA45EF112BB0}.Release|Any CPU.Build.0 = Release|Any CPU
		{CF6524C2-DA4C-4A49-B9B2-EA45EF112BB0}.Release|Any CPU.Deploy.0 = Release|Any CPU
		{49A35A3C-6C95-4B2B-91A5-31D777F734E1}.Debug|Any CPU.ActiveCfg = Debug|Any CPU
		{49A35A3C-6C95-4B2B-91A5-31D777F734E1}.Debug|Any CPU.Build.0 = Debug|Any CPU
		{49A35A3C-6C95-4B2B-91A5-31D777F734E1}.Release|Any CPU.ActiveCfg = Release|Any CPU
		{49A35A3C-6C95-4B2B-91A5-31D777F734E1}.Release|Any CPU.Build.0 = Release|Any CPU
		{F8149075-834E-4CA3-9C86-681D30E0E684}.Debug|Any CPU.ActiveCfg = Debug|Any CPU
		{F8149075-834E-4CA3-9C86-681D30E0E684}.Debug|Any CPU.Build.0 = Debug|Any CPU
		{F8149075-834E-4CA3-9C86-681D30E0E684}.Release|Any CPU.ActiveCfg = Release|Any CPU
		{F8149075-834E-4CA3-9C86-681D30E0E684}.Release|Any CPU.Build.0 = Release|Any CPU
		{93478DDC-7E87-4E47-812C-E81507C30DA1}.Debug|Any CPU.ActiveCfg = Debug|Any CPU
		{93478DDC-7E87-4E47-812C-E81507C30DA1}.Debug|Any CPU.Build.0 = Debug|Any CPU
		{93478DDC-7E87-4E47-812C-E81507C30DA1}.Release|Any CPU.ActiveCfg = Release|Any CPU
		{93478DDC-7E87-4E47-812C-E81507C30DA1}.Release|Any CPU.Build.0 = Release|Any CPU
		{ACCB436D-3786-4C74-9B03-3EAB7CD59A08}.Debug|Any CPU.ActiveCfg = Debug|Any CPU
		{ACCB436D-3786-4C74-9B03-3EAB7CD59A08}.Debug|Any CPU.Build.0 = Debug|Any CPU
		{ACCB436D-3786-4C74-9B03-3EAB7CD59A08}.Release|Any CPU.ActiveCfg = Release|Any CPU
		{ACCB436D-3786-4C74-9B03-3EAB7CD59A08}.Release|Any CPU.Build.0 = Release|Any CPU
	EndGlobalSection
	GlobalSection(SolutionProperties) = preSolution
		HideSolutionNode = FALSE
	EndGlobalSection
	GlobalSection(NestedProjects) = preSolution
		{99C120F5-8725-4B3D-8AA4-E3F6AF88D37D} = {511C1926-F9B6-413F-B630-367F665A3D86}
		{CF6524C2-DA4C-4A49-B9B2-EA45EF112BB0} = {54A4F7FA-C3D7-4947-BFBA-33389E26D8EC}
		{49A35A3C-6C95-4B2B-91A5-31D777F734E1} = {DA2CA9B0-87A4-4BCF-94D0-66A3E1608D05}
		{F8149075-834E-4CA3-9C86-681D30E0E684} = {9ED81676-DE45-4802-9E64-3E79A473BE44}
		{93478DDC-7E87-4E47-812C-E81507C30DA1} = {DF0FA911-3439-4774-9643-D31CD63AAEFB}
		{ACCB436D-3786-4C74-9B03-3EAB7CD59A08} = {DF0FA911-3439-4774-9643-D31CD63AAEFB}
	EndGlobalSection
	GlobalSection(ExtensibilityGlobals) = postSolution
		SolutionGuid = {1F440A8D-1D61-448F-9B26-D52FCE8898E3}
	EndGlobalSection
EndGlobal
